
Microsoft Visual Studio Solution File, Format Version 12.00
# Visual Studio Version 17
VisualStudioVersion = 17.7.34031.279
MinimumVisualStudioVersion = 10.0.40219.1
Project("{FAE04EC0-301F-11D3-BF4B-00C04F79EFBC}") = "EinAusKnopf", "EinAusKnopf.csproj", "{BA3EA344-4358-4049-943B-1420C024BA47}"
EndProject
Global
	GlobalSection(SolutionConfigurationPlatforms) = preSolution
		Debug|Any CPU = Debug|Any CPU
		Release|Any CPU = Release|Any CPU
	EndGlobalSection
	GlobalSection(ProjectConfigurationPlatforms) = postSolution
		{BA3EA344-4358-4049-943B-1420C024BA47}.Debug|Any CPU.ActiveCfg = Debug|Any CPU
		{BA3EA344-4358-4049-943B-1420C024BA47}.Debug|Any CPU.Build.0 = Debug|Any CPU
		{BA3EA344-4358-4049-943B-1420C024BA47}.Release|Any CPU.ActiveCfg = Release|Any CPU
		{BA3EA344-4358-4049-943B-1420C024BA47}.Release|Any CPU.Build.0 = Release|Any CPU
	EndGlobalSection
	GlobalSection(SolutionProperties) = preSolution
		HideSolutionNode = FALSE
	EndGlobalSection
	GlobalSection(ExtensibilityGlobals) = postSolution
		SolutionGuid = {64139BFE-C25D-42DA-B400-CDE653090841}
	EndGlobalSection
EndGlobal
